
Microsoft Visual Studio Solution File, Format Version 12.00
# Visual Studio Version 17
VisualStudioVersion = 17.6.33829.357
MinimumVisualStudioVersion = 10.0.40219.1
Project("{8BC9CEB8-8B4A-11D0-8D11-00A0C91BC942}") = "2023-CPP-202", "2023-CPP-202\2023-CPP-202.vcxproj", "{8DAC1FB4-5437-48F6-BDA7-3D36CE50C16B}"
EndProject
Global
	GlobalSection(SolutionConfigurationPlatforms) = preSolution
		Debug|x64 = Debug|x64
		Debug|x86 = Debug|x86
		Release|x64 = Release|x64
		Release|x86 = Release|x86
	EndGlobalSection
	GlobalSection(ProjectConfigurationPlatforms) = postSolution
		{8DAC1FB4-5437-48F6-BDA7-3D36CE50C16B}.Debug|x64.ActiveCfg = Debug|x64
		{8DAC1FB4-5437-48F6-BDA7-3D36CE50C16B}.Debug|x64.Build.0 = Debug|x64
		{8DAC1FB4-5437-48F6-BDA7-3D36CE50C16B}.Debug|x86.ActiveCfg = Debug|Win32
		{8DAC1FB4-5437-48F6-BDA7-3D36CE50C16B}.Debug|x86.Build.0 = Debug|Win32
		{8DAC1FB4-5437-48F6-BDA7-3D36CE50C16B}.Release|x64.ActiveCfg = Release|x64
		{8DAC1FB4-5437-48F6-BDA7-3D36CE50C16B}.Release|x64.Build.0 = Release|x64
		{8DAC1FB4-5437-48F6-BDA7-3D36CE50C16B}.Release|x86.ActiveCfg = Release|Win32
		{8DAC1FB4-5437-48F6-BDA7-3D36CE50C16B}.Release|x86.Build.0 = Release|Win32
	EndGlobalSection
	GlobalSection(SolutionProperties) = preSolution
		HideSolutionNode = FALSE
	EndGlobalSection
	GlobalSection(ExtensibilityGlobals) = postSolution
		SolutionGuid = {31C3F705-BBA9-4830-972B-848813C96A51}
	EndGlobalSection
EndGlobal
